<?xml version="1.0" encoding="UTF-8" standalone="yes" ?>
<CodeBlocks_project_file>
	<FileVersion major="1" minor="6" />
	<Project>
		<Option title="cosmoscroll" />
		<Option pch_mode="2" />
		<Option compiler="gcc" />
		<Build>
			<Target title="Debug">
				<Option output="bin/cosmoscroll" prefix_auto="1" extension_auto="1" />
				<Option working_dir="bin/" />
				<Option object_output="obj/Debug/" />
				<Option type="1" />
				<Option compiler="gcc" />
				<Compiler>
					<Add option="-g" />
					<Add option="-DDEBUG" />
				</Compiler>
			</Target>
			<Target title="Release">
				<Option output="bin/cosmoscroll" prefix_auto="1" extension_auto="1" />
				<Option working_dir="bin/" />
				<Option object_output="obj/Release/" />
				<Option type="0" />
				<Option compiler="gcc" />
				<Compiler>
					<Add option="-O2" />
				</Compiler>
				<Linker>
					<Add option="-s" />
				</Linker>
			</Target>
			<Target title="ReleaseStatic">
				<Option platforms="Windows;" />
				<Option output="bin/cosmoscroll" prefix_auto="1" extension_auto="1" />
				<Option working_dir="bin/" />
				<Option object_output="obj/ReleaseStatic/" />
				<Option type="0" />
				<Option compiler="gcc" />
				<Option projectLinkerOptionsRelation="1" />
				<Compiler>
					<Add option="-O2" />
					<Add option="-static" />
					<Add option="-DSFML_STATIC" />
				</Compiler>
				<Linker>
					<Add option="-s" />
					<Add library="sfml-graphics-s" />
					<Add library="sfml-window-s" />
					<Add library="sfml-audio-s" />
					<Add library="sfml-network-s" />
					<Add library="sfml-system-s" />
					<Add library="dumb" />
				</Linker>
			</Target>
		</Build>
		<Compiler>
			<Add option="-pedantic" />
			<Add option="-std=c++11" />
			<Add option="-Wextra" />
			<Add option="-Wall" />
			<Add directory="src/" />
		</Compiler>
		<Linker>
			<Add library="sfml-graphics" />
			<Add library="sfml-window" />
			<Add library="sfml-system" />
			<Add library="sfml-audio" />
			<Add library="sfml-network" />
			<Add library="dumb" />
		</Linker>
		<Unit filename="bin/resources/lang/de.lang" />
		<Unit filename="bin/resources/lang/en.lang" />
		<Unit filename="bin/resources/lang/fr.lang" />
		<Unit filename="bin/resources/xml/animations.xml" />
		<Unit filename="bin/resources/xml/items.xml" />
		<Unit filename="bin/resources/xml/levels.xml" />
		<Unit filename="bin/resources/xml/spaceships.xml" />
		<Unit filename="src/core/Collisions.cpp" />
		<Unit filename="src/core/Collisions.hpp" />
		<Unit filename="src/core/Constants.hpp" />
		<Unit filename="src/core/ControlPanel.cpp" />
		<Unit filename="src/core/ControlPanel.hpp" />
		<Unit filename="src/core/Game.cpp" />
		<Unit filename="src/core/Game.hpp" />
		<Unit filename="src/core/Input.cpp" />
		<Unit filename="src/core/Input.hpp" />
		<Unit filename="src/core/LevelManager.cpp" />
		<Unit filename="src/core/LevelManager.hpp" />
		<Unit filename="src/core/Main.cpp" />
		<Unit filename="src/core/MessageSystem.cpp" />
		<Unit filename="src/core/MessageSystem.hpp" />
		<Unit filename="src/core/ParticleSystem.cpp" />
		<Unit filename="src/core/ParticleSystem.hpp" />
		<Unit filename="src/core/Resources.cpp" />
		<Unit filename="src/core/Resources.hpp" />
		<Unit filename="src/core/SoundSystem.cpp" />
		<Unit filename="src/core/SoundSystem.hpp" />
		<Unit filename="src/core/UserSettings.cpp" />
		<Unit filename="src/core/UserSettings.hpp" />
		<Unit filename="src/entities/Animation.cpp" />
		<Unit filename="src/entities/Animation.hpp" />
		<Unit filename="src/entities/Animator.cpp" />
		<Unit filename="src/entities/Animator.hpp" />
		<Unit filename="src/entities/Asteroid.cpp" />
		<Unit filename="src/entities/Asteroid.hpp" />
		<Unit filename="src/entities/Damageable.cpp" />
		<Unit filename="src/entities/Damageable.hpp" />
		<Unit filename="src/entities/Entity.cpp" />
		<Unit filename="src/entities/Entity.hpp" />
		<Unit filename="src/entities/EntityManager.cpp" />
		<Unit filename="src/entities/EntityManager.hpp" />
		<Unit filename="src/entities/Explosion.cpp" />
		<Unit filename="src/entities/Explosion.hpp" />
		<Unit filename="src/entities/Missile.cpp" />
		<Unit filename="src/entities/Missile.hpp" />
		<Unit filename="src/entities/MultiPartEntity.cpp" />
		<Unit filename="src/entities/MultiPartEntity.hpp" />
		<Unit filename="src/entities/Player.cpp" />
		<Unit filename="src/entities/Player.hpp" />
		<Unit filename="src/entities/PowerUp.cpp" />
		<Unit filename="src/entities/PowerUp.hpp" />
		<Unit filename="src/entities/Projectile.cpp" />
		<Unit filename="src/entities/Projectile.hpp" />
		<Unit filename="src/entities/Spaceship.cpp" />
		<Unit filename="src/entities/Spaceship.hpp" />
		<Unit filename="src/entities/Weapon.cpp" />
		<Unit filename="src/entities/Weapon.hpp" />
		<Unit filename="src/entities/bosses/BrainBoss.cpp" />
		<Unit filename="src/entities/bosses/BrainBoss.hpp" />
		<Unit filename="src/entities/bosses/EvilBoss.cpp" />
		<Unit filename="src/entities/bosses/EvilBoss.hpp" />
		<Unit filename="src/entities/bosses/FlyingSaucerBoss.cpp" />
		<Unit filename="src/entities/bosses/FlyingSaucerBoss.hpp" />
		<Unit filename="src/entities/bosses/TentaculatBoss.cpp" />
		<Unit filename="src/entities/bosses/TentaculatBoss.hpp" />
		<Unit filename="src/entities/decors/Canon.cpp" />
		<Unit filename="src/entities/decors/Canon.hpp" />
		<Unit filename="src/entities/decors/Gate.cpp" />
		<Unit filename="src/entities/decors/Gate.hpp" />
		<Unit filename="src/entities/decors/GunTower.cpp" />
		<Unit filename="src/entities/decors/GunTower.hpp" />
		<Unit filename="src/gui/Button.cpp" />
		<Unit filename="src/gui/Button.hpp" />
		<Unit filename="src/gui/CheckBox.cpp" />
		<Unit filename="src/gui/CheckBox.hpp" />
		<Unit filename="src/gui/Image.cpp" />
		<Unit filename="src/gui/Image.hpp" />
		<Unit filename="src/gui/Label.cpp" />
		<Unit filename="src/gui/Label.hpp" />
		<Unit filename="src/gui/Menu.cpp" />
		<Unit filename="src/gui/Menu.hpp" />
		<Unit filename="src/gui/OptionList.cpp" />
		<Unit filename="src/gui/OptionList.hpp" />
		<Unit filename="src/gui/ProgressBar.cpp" />
		<Unit filename="src/gui/ProgressBar.hpp" />
		<Unit filename="src/gui/Slider.cpp" />
		<Unit filename="src/gui/Slider.hpp" />
		<Unit filename="src/gui/TextBox.cpp" />
		<Unit filename="src/gui/TextBox.hpp" />
		<Unit filename="src/gui/Widget.cpp" />
		<Unit filename="src/gui/Widget.hpp" />
		<Unit filename="src/gui/WidgetStyle.cpp" />
		<Unit filename="src/gui/WidgetStyle.hpp" />
		<Unit filename="src/gui/gui.hpp" />
		<Unit filename="src/gui/layouts/FormLayout.cpp" />
		<Unit filename="src/gui/layouts/FormLayout.hpp" />
		<Unit filename="src/gui/layouts/Layout.cpp" />
		<Unit filename="src/gui/layouts/Layout.hpp" />
		<Unit filename="src/gui/layouts/VBoxLayout.cpp" />
		<Unit filename="src/gui/layouts/VBoxLayout.hpp" />
		<Unit filename="src/items/Item.cpp" />
		<Unit filename="src/items/Item.hpp" />
		<Unit filename="src/items/ItemManager.cpp" />
		<Unit filename="src/items/ItemManager.hpp" />
		<Unit filename="src/scenes/AboutMenu.cpp" />
		<Unit filename="src/scenes/AboutMenu.hpp" />
		<Unit filename="src/scenes/BaseMenu.cpp" />
		<Unit filename="src/scenes/BaseMenu.hpp" />
		<Unit filename="src/scenes/BaseScene.hpp" />
		<Unit filename="src/scenes/ConfigButton.cpp" />
		<Unit filename="src/scenes/ConfigButton.hpp" />
		<Unit filename="src/scenes/CosmoButton.cpp" />
		<Unit filename="src/scenes/CosmoButton.hpp" />
		<Unit filename="src/scenes/EndGameScene.cpp" />
		<Unit filename="src/scenes/EndGameScene.hpp" />
		<Unit filename="src/scenes/InGameScene.cpp" />
		<Unit filename="src/scenes/InGameScene.hpp" />
		<Unit filename="src/scenes/IntroScene.cpp" />
		<Unit filename="src/scenes/IntroScene.hpp" />
		<Unit filename="src/scenes/MainMenu.cpp" />
		<Unit filename="src/scenes/MainMenu.hpp" />
		<Unit filename="src/scenes/PauseMenu.cpp" />
		<Unit filename="src/scenes/PauseMenu.hpp" />
		<Unit filename="src/scenes/arcade/ArcadeMenu.cpp" />
		<Unit filename="src/scenes/arcade/ArcadeMenu.hpp" />
		<Unit filename="src/scenes/arcade/BestScoresMenu.cpp" />
		<Unit filename="src/scenes/arcade/BestScoresMenu.hpp" />
		<Unit filename="src/scenes/arcade/GameOverMenu.cpp" />
		<Unit filename="src/scenes/arcade/GameOverMenu.hpp" />
		<Unit filename="src/scenes/options/AudioMenu.cpp" />
		<Unit filename="src/scenes/options/AudioMenu.hpp" />
		<Unit filename="src/scenes/options/JoystickMenu.cpp" />
		<Unit filename="src/scenes/options/JoystickMenu.hpp" />
		<Unit filename="src/scenes/options/KeyboardMenu.cpp" />
		<Unit filename="src/scenes/options/KeyboardMenu.hpp" />
		<Unit filename="src/scenes/options/OptionMenu.cpp" />
		<Unit filename="src/scenes/options/OptionMenu.hpp" />
		<Unit filename="src/scenes/options/SettingsMenu.cpp" />
		<Unit filename="src/scenes/options/SettingsMenu.hpp" />
		<Unit filename="src/scenes/scenes.hpp" />
		<Unit filename="src/scenes/story/ArmoryMenu.cpp" />
		<Unit filename="src/scenes/story/ArmoryMenu.hpp" />
		<Unit filename="src/scenes/story/CreditCounterWidget.cpp" />
		<Unit filename="src/scenes/story/CreditCounterWidget.hpp" />
		<Unit filename="src/scenes/story/LevelMenu.cpp" />
		<Unit filename="src/scenes/story/LevelMenu.hpp" />
		<Unit filename="src/scenes/story/ShipItemWidget.cpp" />
		<Unit filename="src/scenes/story/ShipItemWidget.hpp" />
		<Unit filename="src/utils/FileSystem.cpp" />
		<Unit filename="src/utils/FileSystem.hpp" />
		<Unit filename="src/utils/I18n.cpp" />
		<Unit filename="src/utils/I18n.hpp" />
		<Unit filename="src/utils/IniParser.cpp" />
		<Unit filename="src/utils/IniParser.hpp" />
		<Unit filename="src/utils/Math.cpp" />
		<Unit filename="src/utils/Math.hpp" />
		<Unit filename="src/utils/ModMusic.cpp" />
		<Unit filename="src/utils/ModMusic.hpp" />
		<Unit filename="src/utils/SFML_Helper.cpp" />
		<Unit filename="src/utils/SFML_Helper.hpp" />
		<Unit filename="src/utils/StringUtils.cpp" />
		<Unit filename="src/utils/StringUtils.hpp" />
		<Unit filename="src/utils/md5/md5.cpp" />
		<Unit filename="src/utils/md5/md5.hpp" />
		<Unit filename="src/utils/tinyxml/tinyxml2.cpp" />
		<Unit filename="src/utils/tinyxml/tinyxml2.h" />
		<Extensions>
			<envvars />
			<code_completion />
			<debugger />
			<lib_finder disable_auto="1" />
		</Extensions>
	</Project>
</CodeBlocks_project_file>
