<?xml version="1.0" encoding="UTF-8" standalone="yes" ?>
<CodeBlocks_project_file>
	<FileVersion major="1" minor="6" />
	<Project>
		<Option title="cosmoscroll" />
		<Option pch_mode="2" />
		<Option compiler="gcc" />
		<Build>
			<Target title="Debug">
				<Option output="bin/cosmoscroll" prefix_auto="1" extension_auto="1" />
				<Option working_dir="bin/" />
				<Option object_output="obj/Debug/" />
				<Option type="1" />
				<Option compiler="gcc" />
				<Compiler>
					<Add option="-g" />
					<Add option="-DDEBUG" />
				</Compiler>
			</Target>
			<Target title="Release">
				<Option output="bin/cosmoscroll" prefix_auto="1" extension_auto="1" />
				<Option working_dir="bin/" />
				<Option object_output="obj/Release/" />
				<Option type="1" />
				<Option compiler="gcc" />
				<Compiler>
					<Add option="-O2" />
				</Compiler>
				<Linker>
					<Add option="-s" />
				</Linker>
			</Target>
		</Build>
		<Compiler>
			<Add option="-pedantic" />
			<Add option="-Wall" />
			<Add option="-ansi" />
		</Compiler>
		<Linker>
			<Add library="sfml-graphics" />
			<Add library="sfml-window" />
			<Add library="sfml-system" />
			<Add library="sfml-audio" />
			<Add library="dumb" />
		</Linker>
		<Unit filename="src/core/Animated.cpp" />
		<Unit filename="src/core/Animated.hpp" />
		<Unit filename="src/core/Animation.cpp" />
		<Unit filename="src/core/Animation.hpp" />
		<Unit filename="src/core/ControlPanel.cpp" />
		<Unit filename="src/core/ControlPanel.hpp" />
		<Unit filename="src/core/Game.cpp" />
		<Unit filename="src/core/Game.hpp" />
		<Unit filename="src/core/Input.cpp" />
		<Unit filename="src/core/Input.hpp" />
		<Unit filename="src/core/LevelManager.cpp" />
		<Unit filename="src/core/LevelManager.hpp" />
		<Unit filename="src/core/Main.cpp" />
		<Unit filename="src/core/ParticleSystem.cpp" />
		<Unit filename="src/core/ParticleSystem.hpp" />
		<Unit filename="src/core/SoundSystem.cpp" />
		<Unit filename="src/core/SoundSystem.hpp" />
		<Unit filename="src/entities/Asteroid.cpp" />
		<Unit filename="src/entities/Asteroid.hpp" />
		<Unit filename="src/entities/Bonus.cpp" />
		<Unit filename="src/entities/Bonus.hpp" />
		<Unit filename="src/entities/Entity.cpp" />
		<Unit filename="src/entities/Entity.hpp" />
		<Unit filename="src/entities/EntityManager.cpp" />
		<Unit filename="src/entities/EntityManager.hpp" />
		<Unit filename="src/entities/EvilBoss.cpp" />
		<Unit filename="src/entities/EvilBoss.hpp" />
		<Unit filename="src/entities/Hit.cpp" />
		<Unit filename="src/entities/Hit.hpp" />
		<Unit filename="src/entities/ImpactHit.cpp" />
		<Unit filename="src/entities/ImpactHit.hpp" />
		<Unit filename="src/entities/MissileLauncher.cpp" />
		<Unit filename="src/entities/MissileLauncher.hpp" />
		<Unit filename="src/entities/PlayerShip.cpp" />
		<Unit filename="src/entities/PlayerShip.hpp" />
		<Unit filename="src/entities/SpaceShip.cpp" />
		<Unit filename="src/entities/SpaceShip.hpp" />
		<Unit filename="src/entities/Weapon.cpp" />
		<Unit filename="src/entities/Weapon.hpp" />
		<Unit filename="src/scenes/AboutMenu.cpp" />
		<Unit filename="src/scenes/AboutMenu.hpp" />
		<Unit filename="src/scenes/AudioMenu.cpp" />
		<Unit filename="src/scenes/AudioMenu.hpp" />
		<Unit filename="src/scenes/BaseMenu.cpp" />
		<Unit filename="src/scenes/BaseMenu.hpp" />
		<Unit filename="src/scenes/BaseScene.hpp" />
		<Unit filename="src/scenes/EndGameMenu.cpp" />
		<Unit filename="src/scenes/EndGameMenu.hpp" />
		<Unit filename="src/scenes/EndGameScene.cpp" />
		<Unit filename="src/scenes/EndGameScene.hpp" />
		<Unit filename="src/scenes/InGameScene.cpp" />
		<Unit filename="src/scenes/InGameScene.hpp" />
		<Unit filename="src/scenes/IntroLevelScene.cpp" />
		<Unit filename="src/scenes/IntroLevelScene.hpp" />
		<Unit filename="src/scenes/IntroScene.cpp" />
		<Unit filename="src/scenes/IntroScene.hpp" />
		<Unit filename="src/scenes/JoystickMenu.cpp" />
		<Unit filename="src/scenes/JoystickMenu.hpp" />
		<Unit filename="src/scenes/KeyboardMenu.cpp" />
		<Unit filename="src/scenes/KeyboardMenu.hpp" />
		<Unit filename="src/scenes/LevelMenu.cpp" />
		<Unit filename="src/scenes/LevelMenu.hpp" />
		<Unit filename="src/scenes/MainMenu.cpp" />
		<Unit filename="src/scenes/MainMenu.hpp" />
		<Unit filename="src/scenes/OptionMenu.cpp" />
		<Unit filename="src/scenes/OptionMenu.hpp" />
		<Unit filename="src/scenes/PauseMenu.cpp" />
		<Unit filename="src/scenes/PauseMenu.hpp" />
		<Unit filename="src/scenes/SettingsMenu.cpp" />
		<Unit filename="src/scenes/SettingsMenu.hpp" />
		<Unit filename="src/tinyxml/tinyxml.cpp" />
		<Unit filename="src/tinyxml/tinyxml.h" />
		<Unit filename="src/tinyxml/tinyxmlerror.cpp" />
		<Unit filename="src/tinyxml/tinyxmlparser.cpp" />
		<Unit filename="src/utils/ConfigParser.cpp" />
		<Unit filename="src/utils/ConfigParser.hpp" />
		<Unit filename="src/utils/DIE.hpp" />
		<Unit filename="src/utils/DumbMusic.cpp" />
		<Unit filename="src/utils/DumbMusic.hpp" />
		<Unit filename="src/utils/Math.cpp" />
		<Unit filename="src/utils/Math.hpp" />
		<Unit filename="src/utils/MediaManager.cpp" />
		<Unit filename="src/utils/MediaManager.hpp" />
		<Unit filename="src/utils/MediaNotFoundException.cpp" />
		<Unit filename="src/utils/MediaNotFoundException.hpp" />
		<Unit filename="src/utils/StringUtils.cpp" />
		<Unit filename="src/utils/StringUtils.hpp" />
		<Extensions>
			<envvars />
			<code_completion />
			<debugger />
			<lib_finder disable_auto="1" />
		</Extensions>
	</Project>
</CodeBlocks_project_file>
